Microsoft Visual Studio Solution File, Format Version 12.00
# Visual Studio Version 17
VisualStudioVersion = 17.6.33829.357
MinimumVisualStudioVersion = 10.0.40219.1
Project("{2150E333-8FDC-42A3-9474-1A3956D46DE8}") = "Misc", "Misc", "{23506EB8-1B27-4FD0-B570-2F5EF2C33034}"
	ProjectSection(SolutionItems) = preProject
		.gitignore = .gitignore
		src\Directory.Build.props = src\Directory.Build.props
		src\Directory.Build.targets = src\Directory.Build.targets
		src\Directory.Packages.props = src\Directory.Packages.props
		LICENSE = LICENSE
		src\Packaging.props = src\Packaging.props
		README.md = README.md
		src\Testing.props = src\Testing.props
		src\Testing.targets = src\Testing.targets
	EndProjectSection
EndProject
Project("{2150E333-8FDC-42A3-9474-1A3956D46DE8}") = "Samples", "Samples", "{F17A86AE-A174-4B6C-BAA7-9D9A9704BE85}"
EndProject
Project("{9A19103F-16F7-4668-BE54-9A1E7A4F7556}") = "LangChain.Samples.HuggingFace", "examples\LangChain.Samples.HuggingFace\LangChain.Samples.HuggingFace.csproj", "{DED4E301-BC1D-4C15-8459-A63CCC44CDC8}"
EndProject
Project("{9A19103F-16F7-4668-BE54-9A1E7A4F7556}") = "LangChain.Samples.OpenAI", "examples\LangChain.Samples.OpenAI\LangChain.Samples.OpenAI.csproj", "{876DBB8B-C656-49F9-8C84-7406FFB56738}"
EndProject
Project("{9A19103F-16F7-4668-BE54-9A1E7A4F7556}") = "LangChain.Samples.AspNet", "examples\LangChain.Samples.AspNet\LangChain.Samples.AspNet.csproj", "{B0BA018A-8B2A-47B4-A8F4-EEBF7A33A01C}"
EndProject
Project("{9A19103F-16F7-4668-BE54-9A1E7A4F7556}") = "LangChain.Samples.Azure", "examples\LangChain.Samples.Azure\LangChain.Samples.Azure.csproj", "{19364D78-991B-4D31-BEAB-22CFA1022852}"
EndProject
Project("{9A19103F-16F7-4668-BE54-9A1E7A4F7556}") = "LangChain.Samples.Memory", "examples\LangChain.Samples.Memory\LangChain.Samples.Memory.csproj", "{4E351E1C-B280-4686-AEAF-4788C857366E}"
EndProject
Project("{9A19103F-16F7-4668-BE54-9A1E7A4F7556}") = "LangChain.Samples.Prompts", "examples\LangChain.Samples.Prompts\LangChain.Samples.Prompts.csproj", "{02B0A544-C941-4A3B-8BF8-74354EDDACDD}"
EndProject
Project("{9A19103F-16F7-4668-BE54-9A1E7A4F7556}") = "LangChain.Samples.SequentialChain", "examples\LangChain.Samples.SequentialChain\LangChain.Samples.SequentialChain.csproj", "{233DF40E-6459-41F7-AEAE-C32398F474DF}"
EndProject
Project("{2150E333-8FDC-42A3-9474-1A3956D46DE8}") = "workflows", "workflows", "{B4ED97D9-08F2-4531-B21B-EA1B9CB4E52B}"
	ProjectSection(SolutionItems) = preProject
		.github\workflows\auto-format.yml = .github\workflows\auto-format.yml
		.github\workflows\auto-labeling.yml = .github\workflows\auto-labeling.yml
		.github\workflows\auto-merge.yml = .github\workflows\auto-merge.yml
		.github\dependabot.yml = .github\dependabot.yml
		.github\workflows\dotnet.yml = .github\workflows\dotnet.yml
		.github\workflows\github-releases-to-discord.yml = .github\workflows\github-releases-to-discord.yml
		.github\workflows\mkdocs.yml = .github\workflows\mkdocs.yml
		.github\workflows\pull-request.yml = .github\workflows\pull-request.yml
	EndProjectSection
EndProject
Project("{2150E333-8FDC-42A3-9474-1A3956D46DE8}") = "Core", "Core", "{B820C5A9-ED77-4EF7-A2B7-D49D057EBA6F}"
EndProject
Project("{2150E333-8FDC-42A3-9474-1A3956D46DE8}") = "Meta", "Meta", "{E8B72763-40B7-4FCE-8FEA-97B898A3537C}"
EndProject
Project("{9A19103F-16F7-4668-BE54-9A1E7A4F7556}") = "LangChain.Core", "src\Core\src\LangChain.Core.csproj", "{D393DAD5-9A8C-4413-93BF-58CB05CDC7EE}"
EndProject
Project("{9A19103F-16F7-4668-BE54-9A1E7A4F7556}") = "LangChain.Core.UnitTests", "src\Core\test\UnitTests\LangChain.Core.UnitTests.csproj", "{A4C98DF7-C23A-4CFD-8086-DD361928E368}"
EndProject
Project("{9A19103F-16F7-4668-BE54-9A1E7A4F7556}") = "LangChain", "src\Meta\src\LangChain.csproj", "{814CFD0C-7CFA-4412-BD06-CD83D936DD68}"
EndProject
Project("{9A19103F-16F7-4668-BE54-9A1E7A4F7556}") = "LangChain.IntegrationTests", "src\Meta\test\LangChain.IntegrationTests.csproj", "{751FA979-9420-4602-983F-1C986F1EBA15}"
EndProject
Project("{2150E333-8FDC-42A3-9474-1A3956D46DE8}") = "Serve", "Serve", "{C5C6EB91-CF9B-48F8-A198-9D9065E65BD1}"
EndProject
Project("{9A19103F-16F7-4668-BE54-9A1E7A4F7556}") = "LangChain.Serve", "src\Serve\src\LangChain.Serve.csproj", "{042F2B5C-A624-4B1A-9745-FE8D436FB845}"
EndProject
Project("{2150E333-8FDC-42A3-9474-1A3956D46DE8}") = "Extensions", "Extensions", "{47171FBD-EF6E-4A62-914C-C29BD124B66D}"
	ProjectSection(SolutionItems) = preProject
		src\Extensions\Directory.Build.props = src\Extensions\Directory.Build.props
	EndProjectSection
EndProject
Project("{9A19103F-16F7-4668-BE54-9A1E7A4F7556}") = "LangChain.Extensions.Docker", "src\Extensions\Docker\src\LangChain.Extensions.Docker.csproj", "{A7543F9E-CBFB-455E-8CFD-DD7AEE8EB366}"
EndProject
Project("{9A19103F-16F7-4668-BE54-9A1E7A4F7556}") = "LangChain.Extensions.DependencyInjection", "src\Extensions\DependencyInjection\src\LangChain.Extensions.DependencyInjection.csproj", "{0F12DC05-BA4E-4B6A-A001-C8CA6840F5DE}"
EndProject
Project("{2150E333-8FDC-42A3-9474-1A3956D46DE8}") = "DependencyInjection", "DependencyInjection", "{379FEA7C-E8A8-4ADD-965D-A4817456C31B}"
EndProject
Project("{2150E333-8FDC-42A3-9474-1A3956D46DE8}") = "Docker", "Docker", "{2A3BCE33-453D-4F91-ACAE-3096DF7E5438}"
EndProject
Project("{2150E333-8FDC-42A3-9474-1A3956D46DE8}") = "Utilities", "Utilities", "{FBE21CD4-E77F-46AC-AD8C-5D360E259F7C}"
	ProjectSection(SolutionItems) = preProject
		src\Utilities\Directory.Build.props = src\Utilities\Directory.Build.props
	EndProjectSection
EndProject
Project("{2150E333-8FDC-42A3-9474-1A3956D46DE8}") = "Sql", "Sql", "{5A25C941-3C84-467D-85DF-9FDD62E421C9}"
EndProject
Project("{2150E333-8FDC-42A3-9474-1A3956D46DE8}") = "Postgres", "Postgres", "{31C833D1-022F-41E1-A071-9F14DA1322DA}"
EndProject
Project("{9A19103F-16F7-4668-BE54-9A1E7A4F7556}") = "LangChain.Utilities.Postgres", "src\Utilities\Postgres\src\LangChain.Utilities.Postgres.csproj", "{6866F1AA-2C33-44AB-8652-4362DAD26FBB}"
EndProject
Project("{9A19103F-16F7-4668-BE54-9A1E7A4F7556}") = "LangChain.Utilities.Postgres.IntegrationTests", "src\Utilities\Postgres\test\LangChain.Utilities.Postgres.IntegrationTests.csproj", "{95DB4E7A-6DAD-46CD-956B-F5B8A6D20281}"
EndProject
Project("{9A19103F-16F7-4668-BE54-9A1E7A4F7556}") = "LangChain.Utilities.Sql", "src\Utilities\Sql\src\LangChain.Utilities.Sql.csproj", "{5274E2AE-F7EC-4175-B849-821742122856}"
EndProject
Project("{2150E333-8FDC-42A3-9474-1A3956D46DE8}") = "DocumentLoaders", "DocumentLoaders", "{AD076803-F723-4C2E-8599-75C418A4A07F}"
	ProjectSection(SolutionItems) = preProject
		src\DocumentLoaders\Directory.Build.props = src\DocumentLoaders\Directory.Build.props
	EndProjectSection
EndProject
Project("{9A19103F-16F7-4668-BE54-9A1E7A4F7556}") = "LangChain.DocumentLoaders.Abstractions", "src\DocumentLoaders\Abstractions\src\LangChain.DocumentLoaders.Abstractions.csproj", "{992052AF-02B7-4AE9-A446-4513C27BECDC}"
EndProject
Project("{9A19103F-16F7-4668-BE54-9A1E7A4F7556}") = "LangChain.DocumentLoaders.Pdf", "src\DocumentLoaders\Pdf\src\LangChain.DocumentLoaders.Pdf.csproj", "{3B743BC0-02B6-455D-AEE0-BEF7793685E3}"
EndProject
Project("{9A19103F-16F7-4668-BE54-9A1E7A4F7556}") = "LangChain.DocumentLoaders.Html", "src\DocumentLoaders\WebBase\src\LangChain.DocumentLoaders.Html.csproj", "{7D97D652-AFF5-465C-8688-FC3066423707}"
EndProject
Project("{2150E333-8FDC-42A3-9474-1A3956D46DE8}") = "Splitters", "Splitters", "{FBF5D827-0D5B-4A71-BBBF-3EAA5A5AA1C2}"
	ProjectSection(SolutionItems) = preProject
		src\Splitters\Directory.Build.props = src\Splitters\Directory.Build.props
	EndProjectSection
EndProject
Project("{9A19103F-16F7-4668-BE54-9A1E7A4F7556}") = "LangChain.Splitters.Abstractions", "src\Splitters\Abstractions\src\LangChain.Splitters.Abstractions.csproj", "{3427BA33-C7B6-4E0C-93D2-9DEBF84FEB2A}"
EndProject
Project("{9A19103F-16F7-4668-BE54-9A1E7A4F7556}") = "LangChain.Splitters.CSharp", "src\Splitters\CSharp\src\LangChain.Splitters.CSharp.csproj", "{A0A2B3BE-2897-42C8-A4C4-CD9D7762451F}"
EndProject
Project("{9A19103F-16F7-4668-BE54-9A1E7A4F7556}") = "LangChain.Splitters.CSharp.Tests", "src\Splitters\CSharp\test\LangChain.Splitters.CSharp.Tests.csproj", "{0E05162C-D9C8-4314-B035-26E200937374}"
EndProject
Project("{2150E333-8FDC-42A3-9474-1A3956D46DE8}") = "Abstractions", "Abstractions", "{429281A9-E177-490C-B1C6-E48FF191FC31}"
EndProject
Project("{2150E333-8FDC-42A3-9474-1A3956D46DE8}") = "Pdf", "Pdf", "{B68ACE72-324E-4995-9406-79D04F63DE7D}"
EndProject
Project("{2150E333-8FDC-42A3-9474-1A3956D46DE8}") = "Html", "Html", "{ED2684D8-5229-4397-A2FB-06AF1E5A6CBC}"
EndProject
Project("{9A19103F-16F7-4668-BE54-9A1E7A4F7556}") = "LangChain.Splitters.Abstractions.Tests", "src\Splitters\Abstractions\test\LangChain.Splitters.Abstractions.Tests.csproj", "{1F76A632-BC80-4225-ABA3-2D87BBA064E9}"
EndProject
Project("{2150E333-8FDC-42A3-9474-1A3956D46DE8}") = "Helpers", "Helpers", "{1325D29E-D42F-423F-A6AC-5E880BE2AB68}"
EndProject
Project("{9A19103F-16F7-4668-BE54-9A1E7A4F7556}") = "TrimmingHelper", "src\Helpers\TrimmingHelper\TrimmingHelper.csproj", "{BEE04F82-38FB-4BB2-AB48-A73AD0104142}"
EndProject
Project("{9A19103F-16F7-4668-BE54-9A1E7A4F7556}") = "LangChain.Samples.Serve", "examples\LangChain.Samples.Serve\LangChain.Samples.Serve.csproj", "{67FE43AE-8B99-4744-BB61-2511BADB5265}"
EndProject
Project("{9A19103F-16F7-4668-BE54-9A1E7A4F7556}") = "LangChain.Polyfills", "src\Utilities\Pollyfils\src\LangChain.Polyfills.csproj", "{0F3FBB54-B068-4D6E-84F7-3F70DF19C732}"
EndProject
Project("{2150E333-8FDC-42A3-9474-1A3956D46DE8}") = "Word", "Word", "{C8843A47-2CDD-4AF1-A894-208AC4F91C8F}"
EndProject
Project("{9A19103F-16F7-4668-BE54-9A1E7A4F7556}") = "LangChain.DocumentLoaders.Word", "src\DocumentLoaders\Word\src\LangChain.DocumentLoaders.Word.csproj", "{57CDE62F-20ED-46D0-877E-2FF9E0E52D32}"
EndProject
Project("{9A19103F-16F7-4668-BE54-9A1E7A4F7556}") = "LangChain.Serve.Abstractions", "src\Serve\Abstractions\LangChain.Serve.Abstractions\LangChain.Serve.Abstractions.csproj", "{4F7C9B03-84B8-47D9-9EA2-499BC5F1D4A6}"
EndProject
Project("{2150E333-8FDC-42A3-9474-1A3956D46DE8}") = "Cli", "Cli", "{177349C8-4FD3-466E-A7F4-67983A5B2C1F}"
	ProjectSection(SolutionItems) = preProject
		src\Cli\README.md = src\Cli\README.md
	EndProjectSection
EndProject
Project("{9A19103F-16F7-4668-BE54-9A1E7A4F7556}") = "LangChain.Cli", "src\Cli\src\LangChain.Cli.csproj", "{DE30162A-5D05-4E9B-80D7-43A8927D450E}"
EndProject
Project("{9A19103F-16F7-4668-BE54-9A1E7A4F7556}") = "LangChain.DocumentLoaders.IntegrationTests", "src\DocumentLoaders\IntegrationTests\LangChain.DocumentLoaders.IntegrationTests.csproj", "{53E59425-FC2A-468C-A1FC-E20C54F30F95}"
EndProject
Project("{9A19103F-16F7-4668-BE54-9A1E7A4F7556}") = "LangChain.Serve.OpenAI", "src\Serve\OpenAI\LangChain.Serve.OpenAI.csproj", "{7538A00F-C5A1-4D74-A264-FA4E6861A19B}"
EndProject
Project("{9A19103F-16F7-4668-BE54-9A1E7A4F7556}") = "LangChain.Samples.Serve.OpenAI", "examples\LangChain.Samples.Serve.OpenAI\LangChain.Samples.Serve.OpenAI.csproj", "{B5D7CED5-EF1E-4539-9220-1ABBA2A70AE4}"
EndProject
Project("{9A19103F-16F7-4668-BE54-9A1E7A4F7556}") = "LangChain.Samples.LocalRAG", "examples\LangChain.Samples.LocalRAG\LangChain.Samples.LocalRAG.csproj", "{3BCE1801-0354-4062-94E1-A3AE9CF82874}"
EndProject
Project("{2150E333-8FDC-42A3-9474-1A3956D46DE8}") = "docs", "docs", "{20D58A8D-DB93-47AC-956B-9EB89EA75928}"
	ProjectSection(SolutionItems) = preProject
		docs\css\extra.css = docs\css\extra.css
		docs\media\icon128.png = docs\media\icon128.png
		docs\index.md = docs\index.md
		mkdocs.yml = mkdocs.yml
	EndProjectSection
EndProject
Project("{9A19103F-16F7-4668-BE54-9A1E7A4F7556}") = "GenerateDocs", "src\Helpers\GenerateDocs\GenerateDocs.csproj", "{EFFC19CE-9519-492D-A5CC-E1C90EB410E0}"
EndProject
Global
	GlobalSection(SolutionConfigurationPlatforms) = preSolution
		Debug|Any CPU = Debug|Any CPU
		Release|Any CPU = Release|Any CPU
	EndGlobalSection
	GlobalSection(ProjectConfigurationPlatforms) = postSolution
		{DED4E301-BC1D-4C15-8459-A63CCC44CDC8}.Debug|Any CPU.ActiveCfg = Debug|Any CPU
		{DED4E301-BC1D-4C15-8459-A63CCC44CDC8}.Debug|Any CPU.Build.0 = Debug|Any CPU
		{DED4E301-BC1D-4C15-8459-A63CCC44CDC8}.Release|Any CPU.ActiveCfg = Release|Any CPU
		{DED4E301-BC1D-4C15-8459-A63CCC44CDC8}.Release|Any CPU.Build.0 = Release|Any CPU
		{876DBB8B-C656-49F9-8C84-7406FFB56738}.Debug|Any CPU.ActiveCfg = Debug|Any CPU
		{876DBB8B-C656-49F9-8C84-7406FFB56738}.Debug|Any CPU.Build.0 = Debug|Any CPU
		{876DBB8B-C656-49F9-8C84-7406FFB56738}.Release|Any CPU.ActiveCfg = Release|Any CPU
		{876DBB8B-C656-49F9-8C84-7406FFB56738}.Release|Any CPU.Build.0 = Release|Any CPU
		{B0BA018A-8B2A-47B4-A8F4-EEBF7A33A01C}.Debug|Any CPU.ActiveCfg = Debug|Any CPU
		{B0BA018A-8B2A-47B4-A8F4-EEBF7A33A01C}.Debug|Any CPU.Build.0 = Debug|Any CPU
		{B0BA018A-8B2A-47B4-A8F4-EEBF7A33A01C}.Release|Any CPU.ActiveCfg = Release|Any CPU
		{B0BA018A-8B2A-47B4-A8F4-EEBF7A33A01C}.Release|Any CPU.Build.0 = Release|Any CPU
		{19364D78-991B-4D31-BEAB-22CFA1022852}.Debug|Any CPU.ActiveCfg = Debug|Any CPU
		{19364D78-991B-4D31-BEAB-22CFA1022852}.Debug|Any CPU.Build.0 = Debug|Any CPU
		{19364D78-991B-4D31-BEAB-22CFA1022852}.Release|Any CPU.ActiveCfg = Release|Any CPU
		{19364D78-991B-4D31-BEAB-22CFA1022852}.Release|Any CPU.Build.0 = Release|Any CPU
		{4E351E1C-B280-4686-AEAF-4788C857366E}.Debug|Any CPU.ActiveCfg = Debug|Any CPU
		{4E351E1C-B280-4686-AEAF-4788C857366E}.Debug|Any CPU.Build.0 = Debug|Any CPU
		{4E351E1C-B280-4686-AEAF-4788C857366E}.Release|Any CPU.ActiveCfg = Release|Any CPU
		{4E351E1C-B280-4686-AEAF-4788C857366E}.Release|Any CPU.Build.0 = Release|Any CPU
		{02B0A544-C941-4A3B-8BF8-74354EDDACDD}.Debug|Any CPU.ActiveCfg = Debug|Any CPU
		{02B0A544-C941-4A3B-8BF8-74354EDDACDD}.Debug|Any CPU.Build.0 = Debug|Any CPU
		{02B0A544-C941-4A3B-8BF8-74354EDDACDD}.Release|Any CPU.ActiveCfg = Release|Any CPU
		{02B0A544-C941-4A3B-8BF8-74354EDDACDD}.Release|Any CPU.Build.0 = Release|Any CPU
		{233DF40E-6459-41F7-AEAE-C32398F474DF}.Debug|Any CPU.ActiveCfg = Debug|Any CPU
		{233DF40E-6459-41F7-AEAE-C32398F474DF}.Debug|Any CPU.Build.0 = Debug|Any CPU
		{233DF40E-6459-41F7-AEAE-C32398F474DF}.Release|Any CPU.ActiveCfg = Release|Any CPU
		{233DF40E-6459-41F7-AEAE-C32398F474DF}.Release|Any CPU.Build.0 = Release|Any CPU
		{D393DAD5-9A8C-4413-93BF-58CB05CDC7EE}.Debug|Any CPU.ActiveCfg = Debug|Any CPU
		{D393DAD5-9A8C-4413-93BF-58CB05CDC7EE}.Debug|Any CPU.Build.0 = Debug|Any CPU
		{D393DAD5-9A8C-4413-93BF-58CB05CDC7EE}.Release|Any CPU.ActiveCfg = Release|Any CPU
		{D393DAD5-9A8C-4413-93BF-58CB05CDC7EE}.Release|Any CPU.Build.0 = Release|Any CPU
		{A4C98DF7-C23A-4CFD-8086-DD361928E368}.Debug|Any CPU.ActiveCfg = Debug|Any CPU
		{A4C98DF7-C23A-4CFD-8086-DD361928E368}.Debug|Any CPU.Build.0 = Debug|Any CPU
		{A4C98DF7-C23A-4CFD-8086-DD361928E368}.Release|Any CPU.ActiveCfg = Release|Any CPU
		{A4C98DF7-C23A-4CFD-8086-DD361928E368}.Release|Any CPU.Build.0 = Release|Any CPU
		{814CFD0C-7CFA-4412-BD06-CD83D936DD68}.Debug|Any CPU.ActiveCfg = Debug|Any CPU
		{814CFD0C-7CFA-4412-BD06-CD83D936DD68}.Debug|Any CPU.Build.0 = Debug|Any CPU
		{814CFD0C-7CFA-4412-BD06-CD83D936DD68}.Release|Any CPU.ActiveCfg = Release|Any CPU
		{814CFD0C-7CFA-4412-BD06-CD83D936DD68}.Release|Any CPU.Build.0 = Release|Any CPU
		{751FA979-9420-4602-983F-1C986F1EBA15}.Debug|Any CPU.ActiveCfg = Debug|Any CPU
		{751FA979-9420-4602-983F-1C986F1EBA15}.Debug|Any CPU.Build.0 = Debug|Any CPU
		{751FA979-9420-4602-983F-1C986F1EBA15}.Release|Any CPU.ActiveCfg = Release|Any CPU
		{751FA979-9420-4602-983F-1C986F1EBA15}.Release|Any CPU.Build.0 = Release|Any CPU
		{042F2B5C-A624-4B1A-9745-FE8D436FB845}.Debug|Any CPU.ActiveCfg = Debug|Any CPU
		{042F2B5C-A624-4B1A-9745-FE8D436FB845}.Debug|Any CPU.Build.0 = Debug|Any CPU
		{042F2B5C-A624-4B1A-9745-FE8D436FB845}.Release|Any CPU.ActiveCfg = Release|Any CPU
		{042F2B5C-A624-4B1A-9745-FE8D436FB845}.Release|Any CPU.Build.0 = Release|Any CPU
		{A7543F9E-CBFB-455E-8CFD-DD7AEE8EB366}.Debug|Any CPU.ActiveCfg = Debug|Any CPU
		{A7543F9E-CBFB-455E-8CFD-DD7AEE8EB366}.Debug|Any CPU.Build.0 = Debug|Any CPU
		{A7543F9E-CBFB-455E-8CFD-DD7AEE8EB366}.Release|Any CPU.ActiveCfg = Release|Any CPU
		{A7543F9E-CBFB-455E-8CFD-DD7AEE8EB366}.Release|Any CPU.Build.0 = Release|Any CPU
		{0F12DC05-BA4E-4B6A-A001-C8CA6840F5DE}.Debug|Any CPU.ActiveCfg = Debug|Any CPU
		{0F12DC05-BA4E-4B6A-A001-C8CA6840F5DE}.Debug|Any CPU.Build.0 = Debug|Any CPU
		{0F12DC05-BA4E-4B6A-A001-C8CA6840F5DE}.Release|Any CPU.ActiveCfg = Release|Any CPU
		{0F12DC05-BA4E-4B6A-A001-C8CA6840F5DE}.Release|Any CPU.Build.0 = Release|Any CPU
		{6866F1AA-2C33-44AB-8652-4362DAD26FBB}.Debug|Any CPU.ActiveCfg = Debug|Any CPU
		{6866F1AA-2C33-44AB-8652-4362DAD26FBB}.Debug|Any CPU.Build.0 = Debug|Any CPU
		{6866F1AA-2C33-44AB-8652-4362DAD26FBB}.Release|Any CPU.ActiveCfg = Release|Any CPU
		{6866F1AA-2C33-44AB-8652-4362DAD26FBB}.Release|Any CPU.Build.0 = Release|Any CPU
		{95DB4E7A-6DAD-46CD-956B-F5B8A6D20281}.Debug|Any CPU.ActiveCfg = Debug|Any CPU
		{95DB4E7A-6DAD-46CD-956B-F5B8A6D20281}.Debug|Any CPU.Build.0 = Debug|Any CPU
		{95DB4E7A-6DAD-46CD-956B-F5B8A6D20281}.Release|Any CPU.ActiveCfg = Release|Any CPU
		{95DB4E7A-6DAD-46CD-956B-F5B8A6D20281}.Release|Any CPU.Build.0 = Release|Any CPU
		{5274E2AE-F7EC-4175-B849-821742122856}.Debug|Any CPU.ActiveCfg = Debug|Any CPU
		{5274E2AE-F7EC-4175-B849-821742122856}.Debug|Any CPU.Build.0 = Debug|Any CPU
		{5274E2AE-F7EC-4175-B849-821742122856}.Release|Any CPU.ActiveCfg = Release|Any CPU
		{5274E2AE-F7EC-4175-B849-821742122856}.Release|Any CPU.Build.0 = Release|Any CPU
		{992052AF-02B7-4AE9-A446-4513C27BECDC}.Debug|Any CPU.ActiveCfg = Debug|Any CPU
		{992052AF-02B7-4AE9-A446-4513C27BECDC}.Debug|Any CPU.Build.0 = Debug|Any CPU
		{992052AF-02B7-4AE9-A446-4513C27BECDC}.Release|Any CPU.ActiveCfg = Release|Any CPU
		{992052AF-02B7-4AE9-A446-4513C27BECDC}.Release|Any CPU.Build.0 = Release|Any CPU
		{3B743BC0-02B6-455D-AEE0-BEF7793685E3}.Debug|Any CPU.ActiveCfg = Debug|Any CPU
		{3B743BC0-02B6-455D-AEE0-BEF7793685E3}.Debug|Any CPU.Build.0 = Debug|Any CPU
		{3B743BC0-02B6-455D-AEE0-BEF7793685E3}.Release|Any CPU.ActiveCfg = Release|Any CPU
		{3B743BC0-02B6-455D-AEE0-BEF7793685E3}.Release|Any CPU.Build.0 = Release|Any CPU
		{7D97D652-AFF5-465C-8688-FC3066423707}.Debug|Any CPU.ActiveCfg = Debug|Any CPU
		{7D97D652-AFF5-465C-8688-FC3066423707}.Debug|Any CPU.Build.0 = Debug|Any CPU
		{7D97D652-AFF5-465C-8688-FC3066423707}.Release|Any CPU.ActiveCfg = Release|Any CPU
		{7D97D652-AFF5-465C-8688-FC3066423707}.Release|Any CPU.Build.0 = Release|Any CPU
		{3427BA33-C7B6-4E0C-93D2-9DEBF84FEB2A}.Debug|Any CPU.ActiveCfg = Debug|Any CPU
		{3427BA33-C7B6-4E0C-93D2-9DEBF84FEB2A}.Debug|Any CPU.Build.0 = Debug|Any CPU
		{3427BA33-C7B6-4E0C-93D2-9DEBF84FEB2A}.Release|Any CPU.ActiveCfg = Release|Any CPU
		{3427BA33-C7B6-4E0C-93D2-9DEBF84FEB2A}.Release|Any CPU.Build.0 = Release|Any CPU
		{A0A2B3BE-2897-42C8-A4C4-CD9D7762451F}.Debug|Any CPU.ActiveCfg = Debug|Any CPU
		{A0A2B3BE-2897-42C8-A4C4-CD9D7762451F}.Debug|Any CPU.Build.0 = Debug|Any CPU
		{A0A2B3BE-2897-42C8-A4C4-CD9D7762451F}.Release|Any CPU.ActiveCfg = Release|Any CPU
		{A0A2B3BE-2897-42C8-A4C4-CD9D7762451F}.Release|Any CPU.Build.0 = Release|Any CPU
		{0E05162C-D9C8-4314-B035-26E200937374}.Debug|Any CPU.ActiveCfg = Debug|Any CPU
		{0E05162C-D9C8-4314-B035-26E200937374}.Debug|Any CPU.Build.0 = Debug|Any CPU
		{0E05162C-D9C8-4314-B035-26E200937374}.Release|Any CPU.ActiveCfg = Release|Any CPU
		{0E05162C-D9C8-4314-B035-26E200937374}.Release|Any CPU.Build.0 = Release|Any CPU
		{1F76A632-BC80-4225-ABA3-2D87BBA064E9}.Debug|Any CPU.ActiveCfg = Debug|Any CPU
		{1F76A632-BC80-4225-ABA3-2D87BBA064E9}.Debug|Any CPU.Build.0 = Debug|Any CPU
		{1F76A632-BC80-4225-ABA3-2D87BBA064E9}.Release|Any CPU.ActiveCfg = Release|Any CPU
		{1F76A632-BC80-4225-ABA3-2D87BBA064E9}.Release|Any CPU.Build.0 = Release|Any CPU
		{BEE04F82-38FB-4BB2-AB48-A73AD0104142}.Debug|Any CPU.ActiveCfg = Debug|Any CPU
		{BEE04F82-38FB-4BB2-AB48-A73AD0104142}.Debug|Any CPU.Build.0 = Debug|Any CPU
		{BEE04F82-38FB-4BB2-AB48-A73AD0104142}.Release|Any CPU.ActiveCfg = Release|Any CPU
		{BEE04F82-38FB-4BB2-AB48-A73AD0104142}.Release|Any CPU.Build.0 = Release|Any CPU
		{67FE43AE-8B99-4744-BB61-2511BADB5265}.Debug|Any CPU.ActiveCfg = Debug|Any CPU
		{67FE43AE-8B99-4744-BB61-2511BADB5265}.Debug|Any CPU.Build.0 = Debug|Any CPU
		{67FE43AE-8B99-4744-BB61-2511BADB5265}.Release|Any CPU.ActiveCfg = Release|Any CPU
		{67FE43AE-8B99-4744-BB61-2511BADB5265}.Release|Any CPU.Build.0 = Release|Any CPU
		{0F3FBB54-B068-4D6E-84F7-3F70DF19C732}.Debug|Any CPU.ActiveCfg = Debug|Any CPU
		{0F3FBB54-B068-4D6E-84F7-3F70DF19C732}.Debug|Any CPU.Build.0 = Debug|Any CPU
		{0F3FBB54-B068-4D6E-84F7-3F70DF19C732}.Release|Any CPU.ActiveCfg = Release|Any CPU
		{0F3FBB54-B068-4D6E-84F7-3F70DF19C732}.Release|Any CPU.Build.0 = Release|Any CPU
		{57CDE62F-20ED-46D0-877E-2FF9E0E52D32}.Debug|Any CPU.ActiveCfg = Debug|Any CPU
		{57CDE62F-20ED-46D0-877E-2FF9E0E52D32}.Debug|Any CPU.Build.0 = Debug|Any CPU
		{57CDE62F-20ED-46D0-877E-2FF9E0E52D32}.Release|Any CPU.ActiveCfg = Release|Any CPU
		{57CDE62F-20ED-46D0-877E-2FF9E0E52D32}.Release|Any CPU.Build.0 = Release|Any CPU
		{4F7C9B03-84B8-47D9-9EA2-499BC5F1D4A6}.Debug|Any CPU.ActiveCfg = Debug|Any CPU
		{4F7C9B03-84B8-47D9-9EA2-499BC5F1D4A6}.Debug|Any CPU.Build.0 = Debug|Any CPU
		{4F7C9B03-84B8-47D9-9EA2-499BC5F1D4A6}.Release|Any CPU.ActiveCfg = Release|Any CPU
		{4F7C9B03-84B8-47D9-9EA2-499BC5F1D4A6}.Release|Any CPU.Build.0 = Release|Any CPU
		{DE30162A-5D05-4E9B-80D7-43A8927D450E}.Debug|Any CPU.ActiveCfg = Debug|Any CPU
		{DE30162A-5D05-4E9B-80D7-43A8927D450E}.Debug|Any CPU.Build.0 = Debug|Any CPU
		{DE30162A-5D05-4E9B-80D7-43A8927D450E}.Release|Any CPU.ActiveCfg = Release|Any CPU
		{DE30162A-5D05-4E9B-80D7-43A8927D450E}.Release|Any CPU.Build.0 = Release|Any CPU
		{53E59425-FC2A-468C-A1FC-E20C54F30F95}.Debug|Any CPU.ActiveCfg = Debug|Any CPU
		{53E59425-FC2A-468C-A1FC-E20C54F30F95}.Debug|Any CPU.Build.0 = Debug|Any CPU
		{53E59425-FC2A-468C-A1FC-E20C54F30F95}.Release|Any CPU.ActiveCfg = Release|Any CPU
		{53E59425-FC2A-468C-A1FC-E20C54F30F95}.Release|Any CPU.Build.0 = Release|Any CPU
		{7538A00F-C5A1-4D74-A264-FA4E6861A19B}.Debug|Any CPU.ActiveCfg = Debug|Any CPU
		{7538A00F-C5A1-4D74-A264-FA4E6861A19B}.Debug|Any CPU.Build.0 = Debug|Any CPU
		{7538A00F-C5A1-4D74-A264-FA4E6861A19B}.Release|Any CPU.ActiveCfg = Release|Any CPU
		{7538A00F-C5A1-4D74-A264-FA4E6861A19B}.Release|Any CPU.Build.0 = Release|Any CPU
		{B5D7CED5-EF1E-4539-9220-1ABBA2A70AE4}.Debug|Any CPU.ActiveCfg = Debug|Any CPU
		{B5D7CED5-EF1E-4539-9220-1ABBA2A70AE4}.Debug|Any CPU.Build.0 = Debug|Any CPU
		{B5D7CED5-EF1E-4539-9220-1ABBA2A70AE4}.Release|Any CPU.ActiveCfg = Release|Any CPU
		{B5D7CED5-EF1E-4539-9220-1ABBA2A70AE4}.Release|Any CPU.Build.0 = Release|Any CPU
		{3BCE1801-0354-4062-94E1-A3AE9CF82874}.Debug|Any CPU.ActiveCfg = Debug|Any CPU
		{3BCE1801-0354-4062-94E1-A3AE9CF82874}.Debug|Any CPU.Build.0 = Debug|Any CPU
		{3BCE1801-0354-4062-94E1-A3AE9CF82874}.Release|Any CPU.ActiveCfg = Release|Any CPU
		{3BCE1801-0354-4062-94E1-A3AE9CF82874}.Release|Any CPU.Build.0 = Release|Any CPU
		{EFFC19CE-9519-492D-A5CC-E1C90EB410E0}.Debug|Any CPU.ActiveCfg = Debug|Any CPU
		{EFFC19CE-9519-492D-A5CC-E1C90EB410E0}.Debug|Any CPU.Build.0 = Debug|Any CPU
		{EFFC19CE-9519-492D-A5CC-E1C90EB410E0}.Release|Any CPU.ActiveCfg = Release|Any CPU
		{EFFC19CE-9519-492D-A5CC-E1C90EB410E0}.Release|Any CPU.Build.0 = Release|Any CPU
	EndGlobalSection
	GlobalSection(SolutionProperties) = preSolution
		HideSolutionNode = FALSE
	EndGlobalSection
	GlobalSection(NestedProjects) = preSolution
		{DED4E301-BC1D-4C15-8459-A63CCC44CDC8} = {F17A86AE-A174-4B6C-BAA7-9D9A9704BE85}
		{876DBB8B-C656-49F9-8C84-7406FFB56738} = {F17A86AE-A174-4B6C-BAA7-9D9A9704BE85}
		{B0BA018A-8B2A-47B4-A8F4-EEBF7A33A01C} = {F17A86AE-A174-4B6C-BAA7-9D9A9704BE85}
		{19364D78-991B-4D31-BEAB-22CFA1022852} = {F17A86AE-A174-4B6C-BAA7-9D9A9704BE85}
		{4E351E1C-B280-4686-AEAF-4788C857366E} = {F17A86AE-A174-4B6C-BAA7-9D9A9704BE85}
		{02B0A544-C941-4A3B-8BF8-74354EDDACDD} = {F17A86AE-A174-4B6C-BAA7-9D9A9704BE85}
		{233DF40E-6459-41F7-AEAE-C32398F474DF} = {F17A86AE-A174-4B6C-BAA7-9D9A9704BE85}
		{B4ED97D9-08F2-4531-B21B-EA1B9CB4E52B} = {23506EB8-1B27-4FD0-B570-2F5EF2C33034}
		{D393DAD5-9A8C-4413-93BF-58CB05CDC7EE} = {B820C5A9-ED77-4EF7-A2B7-D49D057EBA6F}
		{A4C98DF7-C23A-4CFD-8086-DD361928E368} = {B820C5A9-ED77-4EF7-A2B7-D49D057EBA6F}
		{814CFD0C-7CFA-4412-BD06-CD83D936DD68} = {E8B72763-40B7-4FCE-8FEA-97B898A3537C}
		{751FA979-9420-4602-983F-1C986F1EBA15} = {E8B72763-40B7-4FCE-8FEA-97B898A3537C}
		{042F2B5C-A624-4B1A-9745-FE8D436FB845} = {C5C6EB91-CF9B-48F8-A198-9D9065E65BD1}
		{A7543F9E-CBFB-455E-8CFD-DD7AEE8EB366} = {2A3BCE33-453D-4F91-ACAE-3096DF7E5438}
		{0F12DC05-BA4E-4B6A-A001-C8CA6840F5DE} = {379FEA7C-E8A8-4ADD-965D-A4817456C31B}
		{379FEA7C-E8A8-4ADD-965D-A4817456C31B} = {47171FBD-EF6E-4A62-914C-C29BD124B66D}
		{2A3BCE33-453D-4F91-ACAE-3096DF7E5438} = {47171FBD-EF6E-4A62-914C-C29BD124B66D}
		{5A25C941-3C84-467D-85DF-9FDD62E421C9} = {FBE21CD4-E77F-46AC-AD8C-5D360E259F7C}
		{31C833D1-022F-41E1-A071-9F14DA1322DA} = {FBE21CD4-E77F-46AC-AD8C-5D360E259F7C}
		{6866F1AA-2C33-44AB-8652-4362DAD26FBB} = {31C833D1-022F-41E1-A071-9F14DA1322DA}
		{95DB4E7A-6DAD-46CD-956B-F5B8A6D20281} = {31C833D1-022F-41E1-A071-9F14DA1322DA}
		{5274E2AE-F7EC-4175-B849-821742122856} = {5A25C941-3C84-467D-85DF-9FDD62E421C9}
		{992052AF-02B7-4AE9-A446-4513C27BECDC} = {429281A9-E177-490C-B1C6-E48FF191FC31}
		{3B743BC0-02B6-455D-AEE0-BEF7793685E3} = {B68ACE72-324E-4995-9406-79D04F63DE7D}
		{7D97D652-AFF5-465C-8688-FC3066423707} = {ED2684D8-5229-4397-A2FB-06AF1E5A6CBC}
		{3427BA33-C7B6-4E0C-93D2-9DEBF84FEB2A} = {FBF5D827-0D5B-4A71-BBBF-3EAA5A5AA1C2}
		{A0A2B3BE-2897-42C8-A4C4-CD9D7762451F} = {FBF5D827-0D5B-4A71-BBBF-3EAA5A5AA1C2}
		{0E05162C-D9C8-4314-B035-26E200937374} = {FBF5D827-0D5B-4A71-BBBF-3EAA5A5AA1C2}
		{429281A9-E177-490C-B1C6-E48FF191FC31} = {AD076803-F723-4C2E-8599-75C418A4A07F}
		{B68ACE72-324E-4995-9406-79D04F63DE7D} = {AD076803-F723-4C2E-8599-75C418A4A07F}
		{ED2684D8-5229-4397-A2FB-06AF1E5A6CBC} = {AD076803-F723-4C2E-8599-75C418A4A07F}
		{1F76A632-BC80-4225-ABA3-2D87BBA064E9} = {FBF5D827-0D5B-4A71-BBBF-3EAA5A5AA1C2}
		{BEE04F82-38FB-4BB2-AB48-A73AD0104142} = {1325D29E-D42F-423F-A6AC-5E880BE2AB68}
		{67FE43AE-8B99-4744-BB61-2511BADB5265} = {F17A86AE-A174-4B6C-BAA7-9D9A9704BE85}
		{0F3FBB54-B068-4D6E-84F7-3F70DF19C732} = {FBE21CD4-E77F-46AC-AD8C-5D360E259F7C}
		{C8843A47-2CDD-4AF1-A894-208AC4F91C8F} = {AD076803-F723-4C2E-8599-75C418A4A07F}
		{57CDE62F-20ED-46D0-877E-2FF9E0E52D32} = {C8843A47-2CDD-4AF1-A894-208AC4F91C8F}
		{4F7C9B03-84B8-47D9-9EA2-499BC5F1D4A6} = {C5C6EB91-CF9B-48F8-A198-9D9065E65BD1}
		{DE30162A-5D05-4E9B-80D7-43A8927D450E} = {177349C8-4FD3-466E-A7F4-67983A5B2C1F}
		{53E59425-FC2A-468C-A1FC-E20C54F30F95} = {AD076803-F723-4C2E-8599-75C418A4A07F}
		{7538A00F-C5A1-4D74-A264-FA4E6861A19B} = {C5C6EB91-CF9B-48F8-A198-9D9065E65BD1}
		{B5D7CED5-EF1E-4539-9220-1ABBA2A70AE4} = {F17A86AE-A174-4B6C-BAA7-9D9A9704BE85}
		{3BCE1801-0354-4062-94E1-A3AE9CF82874} = {F17A86AE-A174-4B6C-BAA7-9D9A9704BE85}
		{20D58A8D-DB93-47AC-956B-9EB89EA75928} = {23506EB8-1B27-4FD0-B570-2F5EF2C33034}
		{EFFC19CE-9519-492D-A5CC-E1C90EB410E0} = {1325D29E-D42F-423F-A6AC-5E880BE2AB68}
	EndGlobalSection
	GlobalSection(ExtensibilityGlobals) = postSolution
		SolutionGuid = {5C00D0F1-6138-4ED9-846B-97E43D6DFF1C}
	EndGlobalSection
EndGlobal
